// !$*UTF8*$!
{
	archiveVersion = 1;
	classes = {
	};
	objectVersion = 56;
	objects = {

/* Begin PBXBuildFile section */
		A017F4DD2981C86E00A04AF9 /* RMCharacterDetailViewViewModel.swift in Sources */ = {isa = PBXBuildFile; fileRef = A017F4DC2981C86E00A04AF9 /* RMCharacterDetailViewViewModel.swift */; };
		A017F4E52981D49000A04AF9 /* RMCharacterDetailInformationCollectionViewCell.swift in Sources */ = {isa = PBXBuildFile; fileRef = A017F4E32981D49000A04AF9 /* RMCharacterDetailInformationCollectionViewCell.swift */; };
		A017F4E62981D49000A04AF9 /* RMCharacterDetailInformationCollectionViewCell.xib in Resources */ = {isa = PBXBuildFile; fileRef = A017F4E42981D49000A04AF9 /* RMCharacterDetailInformationCollectionViewCell.xib */; };
		A017F4E829821C5800A04AF9 /* RMUIViewExtension.swift in Sources */ = {isa = PBXBuildFile; fileRef = A017F4E729821C5800A04AF9 /* RMUIViewExtension.swift */; };
		A017F4EA2982E95F00A04AF9 /* RMEpisodesDataSource.swift in Sources */ = {isa = PBXBuildFile; fileRef = A017F4E92982E95F00A04AF9 /* RMEpisodesDataSource.swift */; };
		A017F4EC2982EA1000A04AF9 /* RMEpisodesDataSourceImpl.swift in Sources */ = {isa = PBXBuildFile; fileRef = A017F4EB2982EA1000A04AF9 /* RMEpisodesDataSourceImpl.swift */; };
		A017F4F02982F31A00A04AF9 /* RMEpisodesRepository.swift in Sources */ = {isa = PBXBuildFile; fileRef = A017F4EF2982F31A00A04AF9 /* RMEpisodesRepository.swift */; };
		A017F4F22982F35C00A04AF9 /* RMEpisodesRepositoryImpl.swift in Sources */ = {isa = PBXBuildFile; fileRef = A017F4F12982F35C00A04AF9 /* RMEpisodesRepositoryImpl.swift */; };
		A03F86B2298B074B00C3DE0D /* RMSearchInputView.swift in Sources */ = {isa = PBXBuildFile; fileRef = A03F86B1298B074B00C3DE0D /* RMSearchInputView.swift */; };
		A03F86B4298B076200C3DE0D /* RMSearchInputView.xib in Resources */ = {isa = PBXBuildFile; fileRef = A03F86B3298B076200C3DE0D /* RMSearchInputView.xib */; };
		A03F86B6298B093200C3DE0D /* RMSearchView.swift in Sources */ = {isa = PBXBuildFile; fileRef = A03F86B5298B093200C3DE0D /* RMSearchView.swift */; };
		A03F86B8298B094C00C3DE0D /* RMSearchView.xib in Resources */ = {isa = PBXBuildFile; fileRef = A03F86B7298B094C00C3DE0D /* RMSearchView.xib */; };
		A04170A629F6E1A7000AE307 /* RMSettingsOption.swift in Sources */ = {isa = PBXBuildFile; fileRef = A04170A529F6E1A7000AE307 /* RMSettingsOption.swift */; };
		A04170A929F6E1EC000AE307 /* RMCharacterDetailInformationUIModel.swift in Sources */ = {isa = PBXBuildFile; fileRef = A04170A829F6E1EC000AE307 /* RMCharacterDetailInformationUIModel.swift */; };
		A04170AB29F6E218000AE307 /* RMCharacterDetailsEpisodeUIModel.swift in Sources */ = {isa = PBXBuildFile; fileRef = A04170AA29F6E218000AE307 /* RMCharacterDetailsEpisodeUIModel.swift */; };
		A04170AD29F6E246000AE307 /* RMEpisodeInformationUIModel.swift in Sources */ = {isa = PBXBuildFile; fileRef = A04170AC29F6E246000AE307 /* RMEpisodeInformationUIModel.swift */; };
		A04170AF29F6E265000AE307 /* RMLocationInformationUIModel.swift in Sources */ = {isa = PBXBuildFile; fileRef = A04170AE29F6E265000AE307 /* RMLocationInformationUIModel.swift */; };
		A04170B229F6E29C000AE307 /* RMOrigin.swift in Sources */ = {isa = PBXBuildFile; fileRef = A04170B129F6E29C000AE307 /* RMOrigin.swift */; };
		A04170B429F6E2BA000AE307 /* RMCharacter.swift in Sources */ = {isa = PBXBuildFile; fileRef = A04170B329F6E2BA000AE307 /* RMCharacter.swift */; };
		A04170B629F6E2FA000AE307 /* RMCharacterStatus.swift in Sources */ = {isa = PBXBuildFile; fileRef = A04170B529F6E2FA000AE307 /* RMCharacterStatus.swift */; };
		A04170B829F6E316000AE307 /* RMLocation.swift in Sources */ = {isa = PBXBuildFile; fileRef = A04170B729F6E316000AE307 /* RMLocation.swift */; };
		A04170BA29F6E337000AE307 /* RMEpisode.swift in Sources */ = {isa = PBXBuildFile; fileRef = A04170B929F6E337000AE307 /* RMEpisode.swift */; };
		A04170BC29F6E353000AE307 /* RMCharacterGender.swift in Sources */ = {isa = PBXBuildFile; fileRef = A04170BB29F6E353000AE307 /* RMCharacterGender.swift */; };
		A04170BE29F6E374000AE307 /* RMSingleLocation.swift in Sources */ = {isa = PBXBuildFile; fileRef = A04170BD29F6E374000AE307 /* RMSingleLocation.swift */; };
		A04170C129F6E3B3000AE307 /* RMCharactersResponse.swift in Sources */ = {isa = PBXBuildFile; fileRef = A04170C029F6E3B3000AE307 /* RMCharactersResponse.swift */; };
		A04170C329F6E3CE000AE307 /* RMEpisodesResponse.swift in Sources */ = {isa = PBXBuildFile; fileRef = A04170C229F6E3CE000AE307 /* RMEpisodesResponse.swift */; };
		A04170C529F6E3E8000AE307 /* RMLocationsResponse.swift in Sources */ = {isa = PBXBuildFile; fileRef = A04170C429F6E3E8000AE307 /* RMLocationsResponse.swift */; };
		A04170C829F6E411000AE307 /* RMViewStates.swift in Sources */ = {isa = PBXBuildFile; fileRef = A04170C729F6E411000AE307 /* RMViewStates.swift */; };
		A048DDEC298DBBF00070B282 /* RMPickerViewController.swift in Sources */ = {isa = PBXBuildFile; fileRef = A048DDEB298DBBF00070B282 /* RMPickerViewController.swift */; };
		A060C74629F6ECE900D71E1D /* Alamofire in Frameworks */ = {isa = PBXBuildFile; productRef = A060C74529F6ECE900D71E1D /* Alamofire */; };
		A060C74929F6ED1A00D71E1D /* Kingfisher in Frameworks */ = {isa = PBXBuildFile; productRef = A060C74829F6ED1A00D71E1D /* Kingfisher */; };
		A06D221C29833ADB009D258B /* RMEpisodeCollectionViewCell.swift in Sources */ = {isa = PBXBuildFile; fileRef = A06D221A29833ADB009D258B /* RMEpisodeCollectionViewCell.swift */; };
		A06D221D29833ADB009D258B /* RMEpisodeCollectionViewCell.xib in Resources */ = {isa = PBXBuildFile; fileRef = A06D221B29833ADB009D258B /* RMEpisodeCollectionViewCell.xib */; };
		A0823A49297F1449003F5F2E /* AppDelegate.swift in Sources */ = {isa = PBXBuildFile; fileRef = A0823A48297F1449003F5F2E /* AppDelegate.swift */; };
		A0823A4B297F1449003F5F2E /* SceneDelegate.swift in Sources */ = {isa = PBXBuildFile; fileRef = A0823A4A297F1449003F5F2E /* SceneDelegate.swift */; };
		A0823A50297F1449003F5F2E /* Main.storyboard in Resources */ = {isa = PBXBuildFile; fileRef = A0823A4E297F1449003F5F2E /* Main.storyboard */; };
		A0823A52297F144B003F5F2E /* Assets.xcassets in Resources */ = {isa = PBXBuildFile; fileRef = A0823A51297F144B003F5F2E /* Assets.xcassets */; };
		A0823A55297F144B003F5F2E /* LaunchScreen.storyboard in Resources */ = {isa = PBXBuildFile; fileRef = A0823A53297F144B003F5F2E /* LaunchScreen.storyboard */; };
		A0823A5E297F18DA003F5F2E /* RMSettingsHostingController.swift in Sources */ = {isa = PBXBuildFile; fileRef = A0823A5D297F18DA003F5F2E /* RMSettingsHostingController.swift */; };
		A0823A60297F18EC003F5F2E /* RMLocationViewController.swift in Sources */ = {isa = PBXBuildFile; fileRef = A0823A5F297F18EC003F5F2E /* RMLocationViewController.swift */; };
		A0823A62297F18FC003F5F2E /* RMCharacterViewController.swift in Sources */ = {isa = PBXBuildFile; fileRef = A0823A61297F18FC003F5F2E /* RMCharacterViewController.swift */; };
		A0823A64297F192B003F5F2E /* RMEpisodeViewController.swift in Sources */ = {isa = PBXBuildFile; fileRef = A0823A63297F192B003F5F2E /* RMEpisodeViewController.swift */; };
		A0823A6A297F2961003F5F2E /* RMCharacterCollectionViewCell.swift in Sources */ = {isa = PBXBuildFile; fileRef = A0823A68297F2961003F5F2E /* RMCharacterCollectionViewCell.swift */; };
		A0823A6B297F2961003F5F2E /* RMCharacterCollectionViewCell.xib in Resources */ = {isa = PBXBuildFile; fileRef = A0823A69297F2961003F5F2E /* RMCharacterCollectionViewCell.xib */; };
		A08C44B4297F55E00018023B /* RMCharactersRepository.swift in Sources */ = {isa = PBXBuildFile; fileRef = A08C44B3297F55E00018023B /* RMCharactersRepository.swift */; };
		A08C44B7297F568B0018023B /* RMCharactersRepositoryImpl.swift in Sources */ = {isa = PBXBuildFile; fileRef = A08C44B6297F568B0018023B /* RMCharactersRepositoryImpl.swift */; };
		A08C44BA297F57D00018023B /* RMCharactersDataSource.swift in Sources */ = {isa = PBXBuildFile; fileRef = A08C44B9297F57D00018023B /* RMCharactersDataSource.swift */; };
		A08C44BC297F583D0018023B /* RMCharactersDataSourceImpl.swift in Sources */ = {isa = PBXBuildFile; fileRef = A08C44BB297F583D0018023B /* RMCharactersDataSourceImpl.swift */; };
		A08C44BE297F5AA30018023B /* RMApi.swift in Sources */ = {isa = PBXBuildFile; fileRef = A08C44BD297F5AA30018023B /* RMApi.swift */; };
		A08F09BD298EE3D200A935EE /* ShareUtils.swift in Sources */ = {isa = PBXBuildFile; fileRef = A08F09BC298EE3D200A935EE /* ShareUtils.swift */; };
		A08F09BF29916EBC00A935EE /* RMPickerViewViewModel.swift in Sources */ = {isa = PBXBuildFile; fileRef = A08F09BE29916EBC00A935EE /* RMPickerViewViewModel.swift */; };
		A0A0581A298B173E00F90695 /* RMSearchInputViewViewModel.swift in Sources */ = {isa = PBXBuildFile; fileRef = A0A05819298B173D00F90695 /* RMSearchInputViewViewModel.swift */; };
		A0A41C6F29805AF0000D3010 /* RMEndpoint.swift in Sources */ = {isa = PBXBuildFile; fileRef = A0A41C6E29805AF0000D3010 /* RMEndpoint.swift */; };
		A0A41C7229805ECB000D3010 /* RMCharactersViewModel.swift in Sources */ = {isa = PBXBuildFile; fileRef = A0A41C7129805ECB000D3010 /* RMCharactersViewModel.swift */; };
		A0A41C782980A273000D3010 /* StringExtension.swift in Sources */ = {isa = PBXBuildFile; fileRef = A0A41C772980A273000D3010 /* StringExtension.swift */; };
		A0A41C802980C4F3000D3010 /* RMFooterLoadingCollectionReusableView.swift in Sources */ = {isa = PBXBuildFile; fileRef = A0A41C7F2980C4F3000D3010 /* RMFooterLoadingCollectionReusableView.swift */; };
		A0A41C822981B1B2000D3010 /* RMCharacterCollectionViewExtensions.swift in Sources */ = {isa = PBXBuildFile; fileRef = A0A41C812981B1B2000D3010 /* RMCharacterCollectionViewExtensions.swift */; };
		A0A41C852981B6AD000D3010 /* RMCharacterDetailCollectionViewController.swift in Sources */ = {isa = PBXBuildFile; fileRef = A0A41C842981B6AD000D3010 /* RMCharacterDetailCollectionViewController.swift */; };
		A0A41C882981BFC4000D3010 /* RMCharacterDetailImageCollectionViewCell.swift in Sources */ = {isa = PBXBuildFile; fileRef = A0A41C862981BFC4000D3010 /* RMCharacterDetailImageCollectionViewCell.swift */; };
		A0A41C892981BFC4000D3010 /* RMCharacterDetailImageCollectionViewCell.xib in Resources */ = {isa = PBXBuildFile; fileRef = A0A41C872981BFC4000D3010 /* RMCharacterDetailImageCollectionViewCell.xib */; };
		A0B9C2172989C999002BD4BE /* RMLocationViewModel.swift in Sources */ = {isa = PBXBuildFile; fileRef = A0B9C2162989C999002BD4BE /* RMLocationViewModel.swift */; };
		A0B9C2192989CFAA002BD4BE /* RMLocationDataSource.swift in Sources */ = {isa = PBXBuildFile; fileRef = A0B9C2182989CFAA002BD4BE /* RMLocationDataSource.swift */; };
		A0B9C21D2989DACC002BD4BE /* RMLocationDataSourceImpl.swift in Sources */ = {isa = PBXBuildFile; fileRef = A0B9C21C2989DACC002BD4BE /* RMLocationDataSourceImpl.swift */; };
		A0B9C21F2989DE28002BD4BE /* RMLocationRepository.swift in Sources */ = {isa = PBXBuildFile; fileRef = A0B9C21E2989DE28002BD4BE /* RMLocationRepository.swift */; };
		A0B9C2212989DE78002BD4BE /* RMLocationRepositoryImpl.swift in Sources */ = {isa = PBXBuildFile; fileRef = A0B9C2202989DE78002BD4BE /* RMLocationRepositoryImpl.swift */; };
		A0B9C2262989F2C4002BD4BE /* RMLocationViewControllerExtension.swift in Sources */ = {isa = PBXBuildFile; fileRef = A0B9C2252989F2C4002BD4BE /* RMLocationViewControllerExtension.swift */; };
		A0B9C22A2989F4B3002BD4BE /* RMLocationTableViewCell.swift in Sources */ = {isa = PBXBuildFile; fileRef = A0B9C2282989F4B3002BD4BE /* RMLocationTableViewCell.swift */; };
		A0B9C22B2989F4B3002BD4BE /* RMLocationTableViewCell.xib in Resources */ = {isa = PBXBuildFile; fileRef = A0B9C2292989F4B3002BD4BE /* RMLocationTableViewCell.xib */; };
		A0B9C22E298ACDE6002BD4BE /* RMLocationDetailViewController.swift in Sources */ = {isa = PBXBuildFile; fileRef = A0B9C22C298ACDE6002BD4BE /* RMLocationDetailViewController.swift */; };
		A0B9C231298AD611002BD4BE /* RMLocationDetailViewModel.swift in Sources */ = {isa = PBXBuildFile; fileRef = A0B9C230298AD611002BD4BE /* RMLocationDetailViewModel.swift */; };
		A0B9C237298ADA24002BD4BE /* RMLocationDetailViewControllerExtension.swift in Sources */ = {isa = PBXBuildFile; fileRef = A0B9C236298ADA24002BD4BE /* RMLocationDetailViewControllerExtension.swift */; };
		A0B9C23A298AE145002BD4BE /* RMSearchViewModel.swift in Sources */ = {isa = PBXBuildFile; fileRef = A0B9C239298AE145002BD4BE /* RMSearchViewModel.swift */; };
		A0B9C23C298AEB58002BD4BE /* RMNoSearchResultsView.swift in Sources */ = {isa = PBXBuildFile; fileRef = A0B9C23B298AEB58002BD4BE /* RMNoSearchResultsView.swift */; };
		A0B9C23E298AEBA2002BD4BE /* RMNoSearchResultsView.xib in Resources */ = {isa = PBXBuildFile; fileRef = A0B9C23D298AEBA2002BD4BE /* RMNoSearchResultsView.xib */; };
		A0E131AC298C19E000E5869C /* RMSearchViewExtension.swift in Sources */ = {isa = PBXBuildFile; fileRef = A0E131AB298C19E000E5869C /* RMSearchViewExtension.swift */; };
		A0E131AF298C3D2D00E5869C /* RMSearchLocationCollectionViewCell.swift in Sources */ = {isa = PBXBuildFile; fileRef = A0E131AD298C3D2D00E5869C /* RMSearchLocationCollectionViewCell.swift */; };
		A0E131B0298C3D2D00E5869C /* RMSearchLocationCollectionViewCell.xib in Resources */ = {isa = PBXBuildFile; fileRef = A0E131AE298C3D2D00E5869C /* RMSearchLocationCollectionViewCell.xib */; };
		A0EE418C298429B1004BFDF4 /* DateUtils.swift in Sources */ = {isa = PBXBuildFile; fileRef = A0EE418B298429B1004BFDF4 /* DateUtils.swift */; };
		A0EE418F29843B09004BFDF4 /* RMEpisodeDetailViewController.swift in Sources */ = {isa = PBXBuildFile; fileRef = A0EE418E29843B09004BFDF4 /* RMEpisodeDetailViewController.swift */; };
		A0EE419329844D22004BFDF4 /* RMEpisodesViewModel.swift in Sources */ = {isa = PBXBuildFile; fileRef = A0EE419229844D22004BFDF4 /* RMEpisodesViewModel.swift */; };
		A0EE41972985EBDE004BFDF4 /* RMEpisodeViewControllerExtension.swift in Sources */ = {isa = PBXBuildFile; fileRef = A0EE41962985EBDE004BFDF4 /* RMEpisodeViewControllerExtension.swift */; };
		A0EE419A2985EE30004BFDF4 /* RMEpisodeExtension.swift in Sources */ = {isa = PBXBuildFile; fileRef = A0EE41992985EE30004BFDF4 /* RMEpisodeExtension.swift */; };
		A0EE419D29882025004BFDF4 /* ColorUtils.swift in Sources */ = {isa = PBXBuildFile; fileRef = A0EE419C29882025004BFDF4 /* ColorUtils.swift */; };
		A0EE419F2988274B004BFDF4 /* NavigationUtils.swift in Sources */ = {isa = PBXBuildFile; fileRef = A0EE419E2988274B004BFDF4 /* NavigationUtils.swift */; };
		A0EE41A1298830D0004BFDF4 /* RMSearchViewController.swift in Sources */ = {isa = PBXBuildFile; fileRef = A0EE41A0298830D0004BFDF4 /* RMSearchViewController.swift */; };
		A0EE41A329883553004BFDF4 /* RMEpisodeDetailViewModel.swift in Sources */ = {isa = PBXBuildFile; fileRef = A0EE41A229883553004BFDF4 /* RMEpisodeDetailViewModel.swift */; };
		A0EE41A92988846B004BFDF4 /* RMEpisodeDetailViewControllerExtension.swift in Sources */ = {isa = PBXBuildFile; fileRef = A0EE41A82988846B004BFDF4 /* RMEpisodeDetailViewControllerExtension.swift */; };
		A0EE41AF298981FC004BFDF4 /* RMEpisodeInfoCollectionViewCell.swift in Sources */ = {isa = PBXBuildFile; fileRef = A0EE41AD298981FC004BFDF4 /* RMEpisodeInfoCollectionViewCell.swift */; };
		A0EE41B0298981FC004BFDF4 /* RMEpisodeInfoCollectionViewCell.xib in Resources */ = {isa = PBXBuildFile; fileRef = A0EE41AE298981FC004BFDF4 /* RMEpisodeInfoCollectionViewCell.xib */; };
		A0EE41B229898A03004BFDF4 /* RMSettingsViewViewModel.swift in Sources */ = {isa = PBXBuildFile; fileRef = A0EE41B129898A03004BFDF4 /* RMSettingsViewViewModel.swift */; };
		A0EE41B729898EC3004BFDF4 /* RMSettingsView.swift in Sources */ = {isa = PBXBuildFile; fileRef = A0EE41B629898EC3004BFDF4 /* RMSettingsView.swift */; };
		A0F8B9A42A1E64A300A3FFD9 /* DataSourceHelper.swift in Sources */ = {isa = PBXBuildFile; fileRef = A0F8B9A32A1E64A300A3FFD9 /* DataSourceHelper.swift */; };
/* End PBXBuildFile section */

/* Begin PBXFileReference section */
		A017F4DC2981C86E00A04AF9 /* RMCharacterDetailViewViewModel.swift */ = {isa = PBXFileReference; lastKnownFileType = sourcecode.swift; path = RMCharacterDetailViewViewModel.swift; sourceTree = "<group>"; };
		A017F4E32981D49000A04AF9 /* RMCharacterDetailInformationCollectionViewCell.swift */ = {isa = PBXFileReference; lastKnownFileType = sourcecode.swift; path = RMCharacterDetailInformationCollectionViewCell.swift; sourceTree = "<group>"; };
		A017F4E42981D49000A04AF9 /* RMCharacterDetailInformationCollectionViewCell.xib */ = {isa = PBXFileReference; lastKnownFileType = file.xib; path = RMCharacterDetailInformationCollectionViewCell.xib; sourceTree = "<group>"; };
		A017F4E729821C5800A04AF9 /* RMUIViewExtension.swift */ = {isa = PBXFileReference; lastKnownFileType = sourcecode.swift; path = RMUIViewExtension.swift; sourceTree = "<group>"; };
		A017F4E92982E95F00A04AF9 /* RMEpisodesDataSource.swift */ = {isa = PBXFileReference; lastKnownFileType = sourcecode.swift; path = RMEpisodesDataSource.swift; sourceTree = "<group>"; };
		A017F4EB2982EA1000A04AF9 /* RMEpisodesDataSourceImpl.swift */ = {isa = PBXFileReference; lastKnownFileType = sourcecode.swift; path = RMEpisodesDataSourceImpl.swift; sourceTree = "<group>"; };
		A017F4EF2982F31A00A04AF9 /* RMEpisodesRepository.swift */ = {isa = PBXFileReference; lastKnownFileType = sourcecode.swift; path = RMEpisodesRepository.swift; sourceTree = "<group>"; };
		A017F4F12982F35C00A04AF9 /* RMEpisodesRepositoryImpl.swift */ = {isa = PBXFileReference; lastKnownFileType = sourcecode.swift; path = RMEpisodesRepositoryImpl.swift; sourceTree = "<group>"; };
		A03F86B1298B074B00C3DE0D /* RMSearchInputView.swift */ = {isa = PBXFileReference; lastKnownFileType = sourcecode.swift; path = RMSearchInputView.swift; sourceTree = "<group>"; };
		A03F86B3298B076200C3DE0D /* RMSearchInputView.xib */ = {isa = PBXFileReference; lastKnownFileType = file.xib; path = RMSearchInputView.xib; sourceTree = "<group>"; };
		A03F86B5298B093200C3DE0D /* RMSearchView.swift */ = {isa = PBXFileReference; lastKnownFileType = sourcecode.swift; path = RMSearchView.swift; sourceTree = "<group>"; };
		A03F86B7298B094C00C3DE0D /* RMSearchView.xib */ = {isa = PBXFileReference; lastKnownFileType = file.xib; path = RMSearchView.xib; sourceTree = "<group>"; };
		A04170A529F6E1A7000AE307 /* RMSettingsOption.swift */ = {isa = PBXFileReference; lastKnownFileType = sourcecode.swift; path = RMSettingsOption.swift; sourceTree = "<group>"; };
		A04170A829F6E1EC000AE307 /* RMCharacterDetailInformationUIModel.swift */ = {isa = PBXFileReference; lastKnownFileType = sourcecode.swift; path = RMCharacterDetailInformationUIModel.swift; sourceTree = "<group>"; };
		A04170AA29F6E218000AE307 /* RMCharacterDetailsEpisodeUIModel.swift */ = {isa = PBXFileReference; lastKnownFileType = sourcecode.swift; path = RMCharacterDetailsEpisodeUIModel.swift; sourceTree = "<group>"; };
		A04170AC29F6E246000AE307 /* RMEpisodeInformationUIModel.swift */ = {isa = PBXFileReference; lastKnownFileType = sourcecode.swift; path = RMEpisodeInformationUIModel.swift; sourceTree = "<group>"; };
		A04170AE29F6E265000AE307 /* RMLocationInformationUIModel.swift */ = {isa = PBXFileReference; lastKnownFileType = sourcecode.swift; path = RMLocationInformationUIModel.swift; sourceTree = "<group>"; };
		A04170B129F6E29C000AE307 /* RMOrigin.swift */ = {isa = PBXFileReference; lastKnownFileType = sourcecode.swift; path = RMOrigin.swift; sourceTree = "<group>"; };
		A04170B329F6E2BA000AE307 /* RMCharacter.swift */ = {isa = PBXFileReference; lastKnownFileType = sourcecode.swift; path = RMCharacter.swift; sourceTree = "<group>"; };
		A04170B529F6E2FA000AE307 /* RMCharacterStatus.swift */ = {isa = PBXFileReference; lastKnownFileType = sourcecode.swift; path = RMCharacterStatus.swift; sourceTree = "<group>"; };
		A04170B729F6E316000AE307 /* RMLocation.swift */ = {isa = PBXFileReference; lastKnownFileType = sourcecode.swift; path = RMLocation.swift; sourceTree = "<group>"; };
		A04170B929F6E337000AE307 /* RMEpisode.swift */ = {isa = PBXFileReference; lastKnownFileType = sourcecode.swift; path = RMEpisode.swift; sourceTree = "<group>"; };
		A04170BB29F6E353000AE307 /* RMCharacterGender.swift */ = {isa = PBXFileReference; lastKnownFileType = sourcecode.swift; path = RMCharacterGender.swift; sourceTree = "<group>"; };
		A04170BD29F6E374000AE307 /* RMSingleLocation.swift */ = {isa = PBXFileReference; lastKnownFileType = sourcecode.swift; path = RMSingleLocation.swift; sourceTree = "<group>"; };
		A04170C029F6E3B3000AE307 /* RMCharactersResponse.swift */ = {isa = PBXFileReference; lastKnownFileType = sourcecode.swift; path = RMCharactersResponse.swift; sourceTree = "<group>"; };
		A04170C229F6E3CE000AE307 /* RMEpisodesResponse.swift */ = {isa = PBXFileReference; lastKnownFileType = sourcecode.swift; path = RMEpisodesResponse.swift; sourceTree = "<group>"; };
		A04170C429F6E3E8000AE307 /* RMLocationsResponse.swift */ = {isa = PBXFileReference; lastKnownFileType = sourcecode.swift; path = RMLocationsResponse.swift; sourceTree = "<group>"; };
		A04170C729F6E411000AE307 /* RMViewStates.swift */ = {isa = PBXFileReference; lastKnownFileType = sourcecode.swift; path = RMViewStates.swift; sourceTree = "<group>"; };
		A048DDEB298DBBF00070B282 /* RMPickerViewController.swift */ = {isa = PBXFileReference; lastKnownFileType = sourcecode.swift; path = RMPickerViewController.swift; sourceTree = "<group>"; };
		A06D221A29833ADB009D258B /* RMEpisodeCollectionViewCell.swift */ = {isa = PBXFileReference; lastKnownFileType = sourcecode.swift; path = RMEpisodeCollectionViewCell.swift; sourceTree = "<group>"; };
		A06D221B29833ADB009D258B /* RMEpisodeCollectionViewCell.xib */ = {isa = PBXFileReference; lastKnownFileType = file.xib; path = RMEpisodeCollectionViewCell.xib; sourceTree = "<group>"; };
		A0823A45297F1449003F5F2E /* RickAndMortyApp 2.0.app */ = {isa = PBXFileReference; explicitFileType = wrapper.application; includeInIndex = 0; path = "RickAndMortyApp 2.0.app"; sourceTree = BUILT_PRODUCTS_DIR; };
		A0823A48297F1449003F5F2E /* AppDelegate.swift */ = {isa = PBXFileReference; lastKnownFileType = sourcecode.swift; path = AppDelegate.swift; sourceTree = "<group>"; };
		A0823A4A297F1449003F5F2E /* SceneDelegate.swift */ = {isa = PBXFileReference; lastKnownFileType = sourcecode.swift; path = SceneDelegate.swift; sourceTree = "<group>"; };
		A0823A4F297F1449003F5F2E /* Base */ = {isa = PBXFileReference; lastKnownFileType = file.storyboard; name = Base; path = Base.lproj/Main.storyboard; sourceTree = "<group>"; };
		A0823A51297F144B003F5F2E /* Assets.xcassets */ = {isa = PBXFileReference; lastKnownFileType = folder.assetcatalog; path = Assets.xcassets; sourceTree = "<group>"; };
		A0823A54297F144B003F5F2E /* Base */ = {isa = PBXFileReference; lastKnownFileType = file.storyboard; name = Base; path = Base.lproj/LaunchScreen.storyboard; sourceTree = "<group>"; };
		A0823A56297F144B003F5F2E /* Info.plist */ = {isa = PBXFileReference; lastKnownFileType = text.plist.xml; path = Info.plist; sourceTree = "<group>"; };
		A0823A5D297F18DA003F5F2E /* RMSettingsHostingController.swift */ = {isa = PBXFileReference; lastKnownFileType = sourcecode.swift; path = RMSettingsHostingController.swift; sourceTree = "<group>"; };
		A0823A5F297F18EC003F5F2E /* RMLocationViewController.swift */ = {isa = PBXFileReference; lastKnownFileType = sourcecode.swift; path = RMLocationViewController.swift; sourceTree = "<group>"; };
		A0823A61297F18FC003F5F2E /* RMCharacterViewController.swift */ = {isa = PBXFileReference; lastKnownFileType = sourcecode.swift; path = RMCharacterViewController.swift; sourceTree = "<group>"; };
		A0823A63297F192B003F5F2E /* RMEpisodeViewController.swift */ = {isa = PBXFileReference; lastKnownFileType = sourcecode.swift; path = RMEpisodeViewController.swift; sourceTree = "<group>"; };
		A0823A68297F2961003F5F2E /* RMCharacterCollectionViewCell.swift */ = {isa = PBXFileReference; lastKnownFileType = sourcecode.swift; path = RMCharacterCollectionViewCell.swift; sourceTree = "<group>"; };
		A0823A69297F2961003F5F2E /* RMCharacterCollectionViewCell.xib */ = {isa = PBXFileReference; lastKnownFileType = file.xib; path = RMCharacterCollectionViewCell.xib; sourceTree = "<group>"; };
		A08C44B3297F55E00018023B /* RMCharactersRepository.swift */ = {isa = PBXFileReference; lastKnownFileType = sourcecode.swift; path = RMCharactersRepository.swift; sourceTree = "<group>"; };
		A08C44B6297F568B0018023B /* RMCharactersRepositoryImpl.swift */ = {isa = PBXFileReference; lastKnownFileType = sourcecode.swift; path = RMCharactersRepositoryImpl.swift; sourceTree = "<group>"; };
		A08C44B9297F57D00018023B /* RMCharactersDataSource.swift */ = {isa = PBXFileReference; lastKnownFileType = sourcecode.swift; path = RMCharactersDataSource.swift; sourceTree = "<group>"; };
		A08C44BB297F583D0018023B /* RMCharactersDataSourceImpl.swift */ = {isa = PBXFileReference; lastKnownFileType = sourcecode.swift; path = RMCharactersDataSourceImpl.swift; sourceTree = "<group>"; };
		A08C44BD297F5AA30018023B /* RMApi.swift */ = {isa = PBXFileReference; lastKnownFileType = sourcecode.swift; path = RMApi.swift; sourceTree = "<group>"; };
		A08F09BC298EE3D200A935EE /* ShareUtils.swift */ = {isa = PBXFileReference; lastKnownFileType = sourcecode.swift; path = ShareUtils.swift; sourceTree = "<group>"; };
		A08F09BE29916EBC00A935EE /* RMPickerViewViewModel.swift */ = {isa = PBXFileReference; lastKnownFileType = sourcecode.swift; path = RMPickerViewViewModel.swift; sourceTree = "<group>"; };
		A0A05819298B173D00F90695 /* RMSearchInputViewViewModel.swift */ = {isa = PBXFileReference; lastKnownFileType = sourcecode.swift; path = RMSearchInputViewViewModel.swift; sourceTree = "<group>"; };
		A0A41C6E29805AF0000D3010 /* RMEndpoint.swift */ = {isa = PBXFileReference; lastKnownFileType = sourcecode.swift; path = RMEndpoint.swift; sourceTree = "<group>"; };
		A0A41C7129805ECB000D3010 /* RMCharactersViewModel.swift */ = {isa = PBXFileReference; lastKnownFileType = sourcecode.swift; path = RMCharactersViewModel.swift; sourceTree = "<group>"; };
		A0A41C772980A273000D3010 /* StringExtension.swift */ = {isa = PBXFileReference; lastKnownFileType = sourcecode.swift; path = StringExtension.swift; sourceTree = "<group>"; };
		A0A41C7F2980C4F3000D3010 /* RMFooterLoadingCollectionReusableView.swift */ = {isa = PBXFileReference; lastKnownFileType = sourcecode.swift; path = RMFooterLoadingCollectionReusableView.swift; sourceTree = "<group>"; };
		A0A41C812981B1B2000D3010 /* RMCharacterCollectionViewExtensions.swift */ = {isa = PBXFileReference; lastKnownFileType = sourcecode.swift; path = RMCharacterCollectionViewExtensions.swift; sourceTree = "<group>"; };
		A0A41C842981B6AD000D3010 /* RMCharacterDetailCollectionViewController.swift */ = {isa = PBXFileReference; lastKnownFileType = sourcecode.swift; path = RMCharacterDetailCollectionViewController.swift; sourceTree = "<group>"; };
		A0A41C862981BFC4000D3010 /* RMCharacterDetailImageCollectionViewCell.swift */ = {isa = PBXFileReference; lastKnownFileType = sourcecode.swift; path = RMCharacterDetailImageCollectionViewCell.swift; sourceTree = "<group>"; };
		A0A41C872981BFC4000D3010 /* RMCharacterDetailImageCollectionViewCell.xib */ = {isa = PBXFileReference; lastKnownFileType = file.xib; path = RMCharacterDetailImageCollectionViewCell.xib; sourceTree = "<group>"; };
		A0B9C2162989C999002BD4BE /* RMLocationViewModel.swift */ = {isa = PBXFileReference; lastKnownFileType = sourcecode.swift; path = RMLocationViewModel.swift; sourceTree = "<group>"; };
		A0B9C2182989CFAA002BD4BE /* RMLocationDataSource.swift */ = {isa = PBXFileReference; lastKnownFileType = sourcecode.swift; path = RMLocationDataSource.swift; sourceTree = "<group>"; };
		A0B9C21C2989DACC002BD4BE /* RMLocationDataSourceImpl.swift */ = {isa = PBXFileReference; lastKnownFileType = sourcecode.swift; path = RMLocationDataSourceImpl.swift; sourceTree = "<group>"; };
		A0B9C21E2989DE28002BD4BE /* RMLocationRepository.swift */ = {isa = PBXFileReference; lastKnownFileType = sourcecode.swift; path = RMLocationRepository.swift; sourceTree = "<group>"; };
		A0B9C2202989DE78002BD4BE /* RMLocationRepositoryImpl.swift */ = {isa = PBXFileReference; lastKnownFileType = sourcecode.swift; path = RMLocationRepositoryImpl.swift; sourceTree = "<group>"; };
		A0B9C2252989F2C4002BD4BE /* RMLocationViewControllerExtension.swift */ = {isa = PBXFileReference; lastKnownFileType = sourcecode.swift; path = RMLocationViewControllerExtension.swift; sourceTree = "<group>"; };
		A0B9C2282989F4B3002BD4BE /* RMLocationTableViewCell.swift */ = {isa = PBXFileReference; lastKnownFileType = sourcecode.swift; path = RMLocationTableViewCell.swift; sourceTree = "<group>"; };
		A0B9C2292989F4B3002BD4BE /* RMLocationTableViewCell.xib */ = {isa = PBXFileReference; lastKnownFileType = file.xib; path = RMLocationTableViewCell.xib; sourceTree = "<group>"; };
		A0B9C22C298ACDE6002BD4BE /* RMLocationDetailViewController.swift */ = {isa = PBXFileReference; lastKnownFileType = sourcecode.swift; path = RMLocationDetailViewController.swift; sourceTree = "<group>"; };
		A0B9C230298AD611002BD4BE /* RMLocationDetailViewModel.swift */ = {isa = PBXFileReference; lastKnownFileType = sourcecode.swift; path = RMLocationDetailViewModel.swift; sourceTree = "<group>"; };
		A0B9C236298ADA24002BD4BE /* RMLocationDetailViewControllerExtension.swift */ = {isa = PBXFileReference; lastKnownFileType = sourcecode.swift; path = RMLocationDetailViewControllerExtension.swift; sourceTree = "<group>"; };
		A0B9C239298AE145002BD4BE /* RMSearchViewModel.swift */ = {isa = PBXFileReference; lastKnownFileType = sourcecode.swift; path = RMSearchViewModel.swift; sourceTree = "<group>"; };
		A0B9C23B298AEB58002BD4BE /* RMNoSearchResultsView.swift */ = {isa = PBXFileReference; lastKnownFileType = sourcecode.swift; path = RMNoSearchResultsView.swift; sourceTree = "<group>"; };
		A0B9C23D298AEBA2002BD4BE /* RMNoSearchResultsView.xib */ = {isa = PBXFileReference; lastKnownFileType = file.xib; path = RMNoSearchResultsView.xib; sourceTree = "<group>"; };
		A0E131AB298C19E000E5869C /* RMSearchViewExtension.swift */ = {isa = PBXFileReference; lastKnownFileType = sourcecode.swift; path = RMSearchViewExtension.swift; sourceTree = "<group>"; };
		A0E131AD298C3D2D00E5869C /* RMSearchLocationCollectionViewCell.swift */ = {isa = PBXFileReference; lastKnownFileType = sourcecode.swift; path = RMSearchLocationCollectionViewCell.swift; sourceTree = "<group>"; };
		A0E131AE298C3D2D00E5869C /* RMSearchLocationCollectionViewCell.xib */ = {isa = PBXFileReference; lastKnownFileType = file.xib; path = RMSearchLocationCollectionViewCell.xib; sourceTree = "<group>"; };
		A0EE418B298429B1004BFDF4 /* DateUtils.swift */ = {isa = PBXFileReference; lastKnownFileType = sourcecode.swift; path = DateUtils.swift; sourceTree = "<group>"; };
		A0EE418E29843B09004BFDF4 /* RMEpisodeDetailViewController.swift */ = {isa = PBXFileReference; lastKnownFileType = sourcecode.swift; path = RMEpisodeDetailViewController.swift; sourceTree = "<group>"; };
		A0EE419229844D22004BFDF4 /* RMEpisodesViewModel.swift */ = {isa = PBXFileReference; lastKnownFileType = sourcecode.swift; path = RMEpisodesViewModel.swift; sourceTree = "<group>"; };
		A0EE41962985EBDE004BFDF4 /* RMEpisodeViewControllerExtension.swift */ = {isa = PBXFileReference; lastKnownFileType = sourcecode.swift; path = RMEpisodeViewControllerExtension.swift; sourceTree = "<group>"; };
		A0EE41992985EE30004BFDF4 /* RMEpisodeExtension.swift */ = {isa = PBXFileReference; lastKnownFileType = sourcecode.swift; path = RMEpisodeExtension.swift; sourceTree = "<group>"; };
		A0EE419C29882025004BFDF4 /* ColorUtils.swift */ = {isa = PBXFileReference; lastKnownFileType = sourcecode.swift; path = ColorUtils.swift; sourceTree = "<group>"; };
		A0EE419E2988274B004BFDF4 /* NavigationUtils.swift */ = {isa = PBXFileReference; lastKnownFileType = sourcecode.swift; path = NavigationUtils.swift; sourceTree = "<group>"; };
		A0EE41A0298830D0004BFDF4 /* RMSearchViewController.swift */ = {isa = PBXFileReference; lastKnownFileType = sourcecode.swift; path = RMSearchViewController.swift; sourceTree = "<group>"; };
		A0EE41A229883553004BFDF4 /* RMEpisodeDetailViewModel.swift */ = {isa = PBXFileReference; lastKnownFileType = sourcecode.swift; path = RMEpisodeDetailViewModel.swift; sourceTree = "<group>"; };
		A0EE41A82988846B004BFDF4 /* RMEpisodeDetailViewControllerExtension.swift */ = {isa = PBXFileReference; lastKnownFileType = sourcecode.swift; path = RMEpisodeDetailViewControllerExtension.swift; sourceTree = "<group>"; };
		A0EE41AD298981FC004BFDF4 /* RMEpisodeInfoCollectionViewCell.swift */ = {isa = PBXFileReference; lastKnownFileType = sourcecode.swift; path = RMEpisodeInfoCollectionViewCell.swift; sourceTree = "<group>"; };
		A0EE41AE298981FC004BFDF4 /* RMEpisodeInfoCollectionViewCell.xib */ = {isa = PBXFileReference; lastKnownFileType = file.xib; path = RMEpisodeInfoCollectionViewCell.xib; sourceTree = "<group>"; };
		A0EE41B129898A03004BFDF4 /* RMSettingsViewViewModel.swift */ = {isa = PBXFileReference; lastKnownFileType = sourcecode.swift; path = RMSettingsViewViewModel.swift; sourceTree = "<group>"; };
		A0EE41B629898EC3004BFDF4 /* RMSettingsView.swift */ = {isa = PBXFileReference; lastKnownFileType = sourcecode.swift; path = RMSettingsView.swift; sourceTree = "<group>"; };
		A0F8B9A32A1E64A300A3FFD9 /* DataSourceHelper.swift */ = {isa = PBXFileReference; lastKnownFileType = sourcecode.swift; path = DataSourceHelper.swift; sourceTree = "<group>"; };
/* End PBXFileReference section */

/* Begin PBXFrameworksBuildPhase section */
		A0823A42297F1449003F5F2E /* Frameworks */ = {
			isa = PBXFrameworksBuildPhase;
			buildActionMask = 2147483647;
			files = (
				A060C74929F6ED1A00D71E1D /* Kingfisher in Frameworks */,
				A060C74629F6ECE900D71E1D /* Alamofire in Frameworks */,
			);
			runOnlyForDeploymentPostprocessing = 0;
		};
/* End PBXFrameworksBuildPhase section */

/* Begin PBXGroup section */
		A014A1E92A1D561E0067F100 /* Features */ = {
			isa = PBXGroup;
			children = (
				A014A2182A1D5C650067F100 /* Picker */,
				A014A2112A1D5B090067F100 /* Search */,
				A014A20C2A1D5A510067F100 /* LocationDetail */,
				A014A2072A1D59CD0067F100 /* EpisodeDetail */,
				A014A2012A1D591C0067F100 /* CharacterDetail */,
				A014A1FC2A1D58540067F100 /* Settings */,
				A014A1F62A1D57FF0067F100 /* Location */,
				A014A1F02A1D57500067F100 /* Character */,
				A014A1EA2A1D56310067F100 /* Episode */,
			);
			path = Features;
			sourceTree = "<group>";
		};
		A014A1EA2A1D56310067F100 /* Episode */ = {
			isa = PBXGroup;
			children = (
				A014A1EF2A1D56FD0067F100 /* Ext */,
				A014A1ED2A1D56D20067F100 /* Views */,
				A014A1EC2A1D56860067F100 /* ViewModels */,
				A014A1EB2A1D564B0067F100 /* ViewControllers */,
			);
			path = Episode;
			sourceTree = "<group>";
		};
		A014A1EB2A1D564B0067F100 /* ViewControllers */ = {
			isa = PBXGroup;
			children = (
				A0823A63297F192B003F5F2E /* RMEpisodeViewController.swift */,
			);
			path = ViewControllers;
			sourceTree = "<group>";
		};
		A014A1EC2A1D56860067F100 /* ViewModels */ = {
			isa = PBXGroup;
			children = (
				A0EE419229844D22004BFDF4 /* RMEpisodesViewModel.swift */,
			);
			path = ViewModels;
			sourceTree = "<group>";
		};
		A014A1ED2A1D56D20067F100 /* Views */ = {
			isa = PBXGroup;
			children = (
				A014A1EE2A1D56D90067F100 /* CollectionCells */,
			);
			path = Views;
			sourceTree = "<group>";
		};
		A014A1EE2A1D56D90067F100 /* CollectionCells */ = {
			isa = PBXGroup;
			children = (
				A06D221A29833ADB009D258B /* RMEpisodeCollectionViewCell.swift */,
				A06D221B29833ADB009D258B /* RMEpisodeCollectionViewCell.xib */,
			);
			path = CollectionCells;
			sourceTree = "<group>";
		};
		A014A1EF2A1D56FD0067F100 /* Ext */ = {
			isa = PBXGroup;
			children = (
				A0EE41962985EBDE004BFDF4 /* RMEpisodeViewControllerExtension.swift */,
				A0EE41992985EE30004BFDF4 /* RMEpisodeExtension.swift */,
				A0EE41A82988846B004BFDF4 /* RMEpisodeDetailViewControllerExtension.swift */,
			);
			path = Ext;
			sourceTree = "<group>";
		};
		A014A1F02A1D57500067F100 /* Character */ = {
			isa = PBXGroup;
			children = (
				A014A1F52A1D57C60067F100 /* ViewModels */,
				A014A1F32A1D57960067F100 /* Views */,
				A014A1F22A1D577D0067F100 /* Ext */,
				A014A1F12A1D575B0067F100 /* ViewControllers */,
			);
			path = Character;
			sourceTree = "<group>";
		};
		A014A1F12A1D575B0067F100 /* ViewControllers */ = {
			isa = PBXGroup;
			children = (
				A0823A61297F18FC003F5F2E /* RMCharacterViewController.swift */,
			);
			path = ViewControllers;
			sourceTree = "<group>";
		};
		A014A1F22A1D577D0067F100 /* Ext */ = {
			isa = PBXGroup;
			children = (
				A0A41C812981B1B2000D3010 /* RMCharacterCollectionViewExtensions.swift */,
			);
			path = Ext;
			sourceTree = "<group>";
		};
		A014A1F32A1D57960067F100 /* Views */ = {
			isa = PBXGroup;
			children = (
				A014A1F42A1D579C0067F100 /* CollectionCells */,
			);
			path = Views;
			sourceTree = "<group>";
		};
		A014A1F42A1D579C0067F100 /* CollectionCells */ = {
			isa = PBXGroup;
			children = (
				A0823A68297F2961003F5F2E /* RMCharacterCollectionViewCell.swift */,
				A0823A69297F2961003F5F2E /* RMCharacterCollectionViewCell.xib */,
				A0A41C7F2980C4F3000D3010 /* RMFooterLoadingCollectionReusableView.swift */,
			);
			path = CollectionCells;
			sourceTree = "<group>";
		};
		A014A1F52A1D57C60067F100 /* ViewModels */ = {
			isa = PBXGroup;
			children = (
				A0A41C7129805ECB000D3010 /* RMCharactersViewModel.swift */,
			);
			path = ViewModels;
			sourceTree = "<group>";
		};
		A014A1F62A1D57FF0067F100 /* Location */ = {
			isa = PBXGroup;
			children = (
				A04170A729F6E1D6000AE307 /* UIModels */,
				A014A1FB2A1D58490067F100 /* Ext */,
				A014A1F92A1D58300067F100 /* Views */,
				A014A1F82A1D58290067F100 /* ViewModels */,
				A014A1F72A1D580D0067F100 /* ViewControllers */,
			);
			path = Location;
			sourceTree = "<group>";
		};
		A014A1F72A1D580D0067F100 /* ViewControllers */ = {
			isa = PBXGroup;
			children = (
				A0823A5F297F18EC003F5F2E /* RMLocationViewController.swift */,
			);
			path = ViewControllers;
			sourceTree = "<group>";
		};
		A014A1F82A1D58290067F100 /* ViewModels */ = {
			isa = PBXGroup;
			children = (
				A0B9C2162989C999002BD4BE /* RMLocationViewModel.swift */,
			);
			path = ViewModels;
			sourceTree = "<group>";
		};
		A014A1F92A1D58300067F100 /* Views */ = {
			isa = PBXGroup;
			children = (
				A014A1FA2A1D583C0067F100 /* CollectionCells */,
			);
			path = Views;
			sourceTree = "<group>";
		};
		A014A1FA2A1D583C0067F100 /* CollectionCells */ = {
			isa = PBXGroup;
			children = (
				A0B9C2282989F4B3002BD4BE /* RMLocationTableViewCell.swift */,
				A0B9C2292989F4B3002BD4BE /* RMLocationTableViewCell.xib */,
			);
			path = CollectionCells;
			sourceTree = "<group>";
		};
		A014A1FB2A1D58490067F100 /* Ext */ = {
			isa = PBXGroup;
			children = (
				A0B9C2252989F2C4002BD4BE /* RMLocationViewControllerExtension.swift */,
			);
			path = Ext;
			sourceTree = "<group>";
		};
		A014A1FC2A1D58540067F100 /* Settings */ = {
			isa = PBXGroup;
			children = (
				A04170A429F6E193000AE307 /* Other */,
				A014A2002A1D587A0067F100 /* Ext */,
				A014A1FF2A1D58700067F100 /* Views */,
				A014A1FE2A1D58660067F100 /* ViewModels */,
				A014A1FD2A1D585D0067F100 /* ViewControllers */,
			);
			path = Settings;
			sourceTree = "<group>";
		};
		A014A1FD2A1D585D0067F100 /* ViewControllers */ = {
			isa = PBXGroup;
			children = (
				A0823A5D297F18DA003F5F2E /* RMSettingsHostingController.swift */,
			);
			path = ViewControllers;
			sourceTree = "<group>";
		};
		A014A1FE2A1D58660067F100 /* ViewModels */ = {
			isa = PBXGroup;
			children = (
				A0EE41B129898A03004BFDF4 /* RMSettingsViewViewModel.swift */,
			);
			path = ViewModels;
			sourceTree = "<group>";
		};
		A014A1FF2A1D58700067F100 /* Views */ = {
			isa = PBXGroup;
			children = (
				A0EE41B629898EC3004BFDF4 /* RMSettingsView.swift */,
			);
			path = Views;
			sourceTree = "<group>";
		};
		A014A2002A1D587A0067F100 /* Ext */ = {
			isa = PBXGroup;
			children = (
			);
			path = Ext;
			sourceTree = "<group>";
		};
		A014A2012A1D591C0067F100 /* CharacterDetail */ = {
			isa = PBXGroup;
			children = (
				A014A2282A1D5F070067F100 /* UIModels */,
				A014A2042A1D59450067F100 /* Views */,
				A014A2032A1D593C0067F100 /* ViewModels */,
				A014A2022A1D592F0067F100 /* ViewControllers */,
			);
			path = CharacterDetail;
			sourceTree = "<group>";
		};
		A014A2022A1D592F0067F100 /* ViewControllers */ = {
			isa = PBXGroup;
			children = (
				A0A41C842981B6AD000D3010 /* RMCharacterDetailCollectionViewController.swift */,
			);
			path = ViewControllers;
			sourceTree = "<group>";
		};
		A014A2032A1D593C0067F100 /* ViewModels */ = {
			isa = PBXGroup;
			children = (
				A017F4DC2981C86E00A04AF9 /* RMCharacterDetailViewViewModel.swift */,
			);
			path = ViewModels;
			sourceTree = "<group>";
		};
		A014A2042A1D59450067F100 /* Views */ = {
			isa = PBXGroup;
			children = (
				A014A2062A1D59AC0067F100 /* CollectionCells */,
			);
			path = Views;
			sourceTree = "<group>";
		};
		A014A2062A1D59AC0067F100 /* CollectionCells */ = {
			isa = PBXGroup;
			children = (
				A0A41C862981BFC4000D3010 /* RMCharacterDetailImageCollectionViewCell.swift */,
				A0A41C872981BFC4000D3010 /* RMCharacterDetailImageCollectionViewCell.xib */,
				A017F4E32981D49000A04AF9 /* RMCharacterDetailInformationCollectionViewCell.swift */,
				A017F4E42981D49000A04AF9 /* RMCharacterDetailInformationCollectionViewCell.xib */,
			);
			path = CollectionCells;
			sourceTree = "<group>";
		};
		A014A2072A1D59CD0067F100 /* EpisodeDetail */ = {
			isa = PBXGroup;
			children = (
				A014A2292A1D5F3D0067F100 /* UIModels */,
				A014A20A2A1D5A010067F100 /* Views */,
				A014A2092A1D59FC0067F100 /* ViewModels */,
				A014A2082A1D59F40067F100 /* ViewControllers */,
			);
			path = EpisodeDetail;
			sourceTree = "<group>";
		};
		A014A2082A1D59F40067F100 /* ViewControllers */ = {
			isa = PBXGroup;
			children = (
				A0EE418E29843B09004BFDF4 /* RMEpisodeDetailViewController.swift */,
			);
			path = ViewControllers;
			sourceTree = "<group>";
		};
		A014A2092A1D59FC0067F100 /* ViewModels */ = {
			isa = PBXGroup;
			children = (
				A0EE41A229883553004BFDF4 /* RMEpisodeDetailViewModel.swift */,
			);
			path = ViewModels;
			sourceTree = "<group>";
		};
		A014A20A2A1D5A010067F100 /* Views */ = {
			isa = PBXGroup;
			children = (
				A014A20B2A1D5A160067F100 /* CollectionCells */,
			);
			path = Views;
			sourceTree = "<group>";
		};
		A014A20B2A1D5A160067F100 /* CollectionCells */ = {
			isa = PBXGroup;
			children = (
				A0EE41AD298981FC004BFDF4 /* RMEpisodeInfoCollectionViewCell.swift */,
				A0EE41AE298981FC004BFDF4 /* RMEpisodeInfoCollectionViewCell.xib */,
			);
			path = CollectionCells;
			sourceTree = "<group>";
		};
		A014A20C2A1D5A510067F100 /* LocationDetail */ = {
			isa = PBXGroup;
			children = (
				A014A2102A1D5A9B0067F100 /* Ext */,
				A014A20E2A1D5A7C0067F100 /* ViewModels */,
				A014A20D2A1D5A740067F100 /* ViewControllers */,
			);
			path = LocationDetail;
			sourceTree = "<group>";
		};
		A014A20D2A1D5A740067F100 /* ViewControllers */ = {
			isa = PBXGroup;
			children = (
				A0B9C22C298ACDE6002BD4BE /* RMLocationDetailViewController.swift */,
			);
			path = ViewControllers;
			sourceTree = "<group>";
		};
		A014A20E2A1D5A7C0067F100 /* ViewModels */ = {
			isa = PBXGroup;
			children = (
				A0B9C230298AD611002BD4BE /* RMLocationDetailViewModel.swift */,
			);
			path = ViewModels;
			sourceTree = "<group>";
		};
		A014A2102A1D5A9B0067F100 /* Ext */ = {
			isa = PBXGroup;
			children = (
				A0B9C236298ADA24002BD4BE /* RMLocationDetailViewControllerExtension.swift */,
			);
			path = Ext;
			sourceTree = "<group>";
		};
		A014A2112A1D5B090067F100 /* Search */ = {
			isa = PBXGroup;
			children = (
				A014A2152A1D5BC20067F100 /* Views */,
				A014A2142A1D5B2B0067F100 /* Ext */,
				A014A2132A1D5B1E0067F100 /* ViewModels */,
				A014A2122A1D5B160067F100 /* ViewControllers */,
			);
			path = Search;
			sourceTree = "<group>";
		};
		A014A2122A1D5B160067F100 /* ViewControllers */ = {
			isa = PBXGroup;
			children = (
				A0EE41A0298830D0004BFDF4 /* RMSearchViewController.swift */,
			);
			path = ViewControllers;
			sourceTree = "<group>";
		};
		A014A2132A1D5B1E0067F100 /* ViewModels */ = {
			isa = PBXGroup;
			children = (
				A0B9C239298AE145002BD4BE /* RMSearchViewModel.swift */,
				A0A05819298B173D00F90695 /* RMSearchInputViewViewModel.swift */,
			);
			path = ViewModels;
			sourceTree = "<group>";
		};
		A014A2142A1D5B2B0067F100 /* Ext */ = {
			isa = PBXGroup;
			children = (
				A0E131AB298C19E000E5869C /* RMSearchViewExtension.swift */,
			);
			path = Ext;
			sourceTree = "<group>";
		};
		A014A2152A1D5BC20067F100 /* Views */ = {
			isa = PBXGroup;
			children = (
				A014A2172A1D5C0E0067F100 /* Others */,
				A014A2162A1D5BCC0067F100 /* CollectionCells */,
			);
			path = Views;
			sourceTree = "<group>";
		};
		A014A2162A1D5BCC0067F100 /* CollectionCells */ = {
			isa = PBXGroup;
			children = (
				A0E131AD298C3D2D00E5869C /* RMSearchLocationCollectionViewCell.swift */,
				A0E131AE298C3D2D00E5869C /* RMSearchLocationCollectionViewCell.xib */,
			);
			path = CollectionCells;
			sourceTree = "<group>";
		};
		A014A2172A1D5C0E0067F100 /* Others */ = {
			isa = PBXGroup;
			children = (
				A0B9C23B298AEB58002BD4BE /* RMNoSearchResultsView.swift */,
				A0B9C23D298AEBA2002BD4BE /* RMNoSearchResultsView.xib */,
				A03F86B1298B074B00C3DE0D /* RMSearchInputView.swift */,
				A03F86B3298B076200C3DE0D /* RMSearchInputView.xib */,
				A03F86B5298B093200C3DE0D /* RMSearchView.swift */,
				A03F86B7298B094C00C3DE0D /* RMSearchView.xib */,
			);
			path = Others;
			sourceTree = "<group>";
		};
		A014A2182A1D5C650067F100 /* Picker */ = {
			isa = PBXGroup;
			children = (
				A014A21A2A1D5C8C0067F100 /* ViewModels */,
				A014A2192A1D5C740067F100 /* ViewControllers */,
			);
			path = Picker;
			sourceTree = "<group>";
		};
		A014A2192A1D5C740067F100 /* ViewControllers */ = {
			isa = PBXGroup;
			children = (
				A048DDEB298DBBF00070B282 /* RMPickerViewController.swift */,
			);
			path = ViewControllers;
			sourceTree = "<group>";
		};
		A014A21A2A1D5C8C0067F100 /* ViewModels */ = {
			isa = PBXGroup;
			children = (
				A08F09BE29916EBC00A935EE /* RMPickerViewViewModel.swift */,
			);
			path = ViewModels;
			sourceTree = "<group>";
		};
		A014A21B2A1D5CEE0067F100 /* Location */ = {
			isa = PBXGroup;
			children = (
				A014A2272A1D5DF00067F100 /* Models */,
				A014A21D2A1D5D090067F100 /* DataSource */,
				A014A21C2A1D5CFB0067F100 /* Repo */,
			);
			path = Location;
			sourceTree = "<group>";
		};
		A014A21C2A1D5CFB0067F100 /* Repo */ = {
			isa = PBXGroup;
			children = (
				A0B9C21E2989DE28002BD4BE /* RMLocationRepository.swift */,
				A0B9C2202989DE78002BD4BE /* RMLocationRepositoryImpl.swift */,
			);
			path = Repo;
			sourceTree = "<group>";
		};
		A014A21D2A1D5D090067F100 /* DataSource */ = {
			isa = PBXGroup;
			children = (
				A0B9C2182989CFAA002BD4BE /* RMLocationDataSource.swift */,
				A0B9C21C2989DACC002BD4BE /* RMLocationDataSourceImpl.swift */,
			);
			path = DataSource;
			sourceTree = "<group>";
		};
		A014A21E2A1D5D280067F100 /* Episodes */ = {
			isa = PBXGroup;
			children = (
				A014A2262A1D5DE10067F100 /* Models */,
				A014A2202A1D5D3C0067F100 /* DataSource */,
				A014A21F2A1D5D330067F100 /* Repo */,
			);
			path = Episodes;
			sourceTree = "<group>";
		};
		A014A21F2A1D5D330067F100 /* Repo */ = {
			isa = PBXGroup;
			children = (
				A017F4EF2982F31A00A04AF9 /* RMEpisodesRepository.swift */,
				A017F4F12982F35C00A04AF9 /* RMEpisodesRepositoryImpl.swift */,
			);
			name = Repo;
			sourceTree = "<group>";
		};
		A014A2202A1D5D3C0067F100 /* DataSource */ = {
			isa = PBXGroup;
			children = (
				A017F4E92982E95F00A04AF9 /* RMEpisodesDataSource.swift */,
				A017F4EB2982EA1000A04AF9 /* RMEpisodesDataSourceImpl.swift */,
			);
			name = DataSource;
			sourceTree = "<group>";
		};
		A014A2212A1D5D600067F100 /* Characters */ = {
			isa = PBXGroup;
			children = (
				A014A2252A1D5DB10067F100 /* Models */,
				A014A2232A1D5D700067F100 /* DataSource */,
				A014A2222A1D5D6B0067F100 /* Repo */,
			);
			path = Characters;
			sourceTree = "<group>";
		};
		A014A2222A1D5D6B0067F100 /* Repo */ = {
			isa = PBXGroup;
			children = (
				A08C44B3297F55E00018023B /* RMCharactersRepository.swift */,
				A08C44B6297F568B0018023B /* RMCharactersRepositoryImpl.swift */,
			);
			path = Repo;
			sourceTree = "<group>";
		};
		A014A2232A1D5D700067F100 /* DataSource */ = {
			isa = PBXGroup;
			children = (
				A08C44B9297F57D00018023B /* RMCharactersDataSource.swift */,
				A08C44BB297F583D0018023B /* RMCharactersDataSourceImpl.swift */,
			);
			path = DataSource;
			sourceTree = "<group>";
		};
		A014A2242A1D5D970067F100 /* Other */ = {
			isa = PBXGroup;
			children = (
				A0F8B9A22A1E648400A3FFD9 /* Helper */,
				A08C44BD297F5AA30018023B /* RMApi.swift */,
				A0A41C6E29805AF0000D3010 /* RMEndpoint.swift */,
			);
			path = Other;
			sourceTree = "<group>";
		};
		A014A2252A1D5DB10067F100 /* Models */ = {
			isa = PBXGroup;
			children = (
				A04170C029F6E3B3000AE307 /* RMCharactersResponse.swift */,
				A04170BD29F6E374000AE307 /* RMSingleLocation.swift */,
				A04170B129F6E29C000AE307 /* RMOrigin.swift */,
				A04170B529F6E2FA000AE307 /* RMCharacterStatus.swift */,
				A04170BB29F6E353000AE307 /* RMCharacterGender.swift */,
				A04170B329F6E2BA000AE307 /* RMCharacter.swift */,
			);
			path = Models;
			sourceTree = "<group>";
		};
		A014A2262A1D5DE10067F100 /* Models */ = {
			isa = PBXGroup;
			children = (
				A04170C229F6E3CE000AE307 /* RMEpisodesResponse.swift */,
				A04170B929F6E337000AE307 /* RMEpisode.swift */,
			);
			name = Models;
			sourceTree = "<group>";
		};
		A014A2272A1D5DF00067F100 /* Models */ = {
			isa = PBXGroup;
			children = (
				A04170C429F6E3E8000AE307 /* RMLocationsResponse.swift */,
				A04170B729F6E316000AE307 /* RMLocation.swift */,
			);
			path = Models;
			sourceTree = "<group>";
		};
		A014A2282A1D5F070067F100 /* UIModels */ = {
			isa = PBXGroup;
			children = (
				A04170A829F6E1EC000AE307 /* RMCharacterDetailInformationUIModel.swift */,
				A04170AA29F6E218000AE307 /* RMCharacterDetailsEpisodeUIModel.swift */,
			);
			path = UIModels;
			sourceTree = "<group>";
		};
		A014A2292A1D5F3D0067F100 /* UIModels */ = {
			isa = PBXGroup;
			children = (
				A04170AC29F6E246000AE307 /* RMEpisodeInformationUIModel.swift */,
			);
			path = UIModels;
			sourceTree = "<group>";
		};
		A04170A429F6E193000AE307 /* Other */ = {
			isa = PBXGroup;
			children = (
				A04170A529F6E1A7000AE307 /* RMSettingsOption.swift */,
			);
			path = Other;
			sourceTree = "<group>";
		};
		A04170A729F6E1D6000AE307 /* UIModels */ = {
			isa = PBXGroup;
			children = (
				A04170AE29F6E265000AE307 /* RMLocationInformationUIModel.swift */,
			);
			path = UIModels;
			sourceTree = "<group>";
		};
		A04170C629F6E403000AE307 /* ViewStates */ = {
			isa = PBXGroup;
			children = (
				A04170C729F6E411000AE307 /* RMViewStates.swift */,
			);
			path = ViewStates;
			sourceTree = "<group>";
		};
		A0823A3C297F1449003F5F2E = {
			isa = PBXGroup;
			children = (
				A0823A47297F1449003F5F2E /* RickAndMortyApp 2.0 */,
				A0823A46297F1449003F5F2E /* Products */,
			);
			sourceTree = "<group>";
		};
		A0823A46297F1449003F5F2E /* Products */ = {
			isa = PBXGroup;
			children = (
				A0823A45297F1449003F5F2E /* RickAndMortyApp 2.0.app */,
			);
			name = Products;
			sourceTree = "<group>";
		};
		A0823A47297F1449003F5F2E /* RickAndMortyApp 2.0 */ = {
			isa = PBXGroup;
			children = (
				A014A1E92A1D561E0067F100 /* Features */,
				A0A41C762980A1F7000D3010 /* Utils */,
				A04170C629F6E403000AE307 /* ViewStates */,
				A08C44B1297F556A0018023B /* Network */,
				A0A41C832981B1B8000D3010 /* Extensions */,
				A0823A65297F28E9003F5F2E /* Resources */,
				A0823A66297F290A003F5F2E /* Stroyboards */,
				A0823A56297F144B003F5F2E /* Info.plist */,
			);
			path = "RickAndMortyApp 2.0";
			sourceTree = "<group>";
		};
		A0823A65297F28E9003F5F2E /* Resources */ = {
			isa = PBXGroup;
			children = (
				A0823A53297F144B003F5F2E /* LaunchScreen.storyboard */,
				A0823A51297F144B003F5F2E /* Assets.xcassets */,
				A0823A48297F1449003F5F2E /* AppDelegate.swift */,
				A0823A4A297F1449003F5F2E /* SceneDelegate.swift */,
			);
			path = Resources;
			sourceTree = "<group>";
		};
		A0823A66297F290A003F5F2E /* Stroyboards */ = {
			isa = PBXGroup;
			children = (
				A0823A4E297F1449003F5F2E /* Main.storyboard */,
			);
			path = Stroyboards;
			sourceTree = "<group>";
		};
		A08C44B1297F556A0018023B /* Network */ = {
			isa = PBXGroup;
			children = (
				A014A2242A1D5D970067F100 /* Other */,
				A014A2212A1D5D600067F100 /* Characters */,
				A014A21E2A1D5D280067F100 /* Episodes */,
				A014A21B2A1D5CEE0067F100 /* Location */,
			);
			path = Network;
			sourceTree = "<group>";
		};
		A0A41C762980A1F7000D3010 /* Utils */ = {
			isa = PBXGroup;
			children = (
				A0EE418B298429B1004BFDF4 /* DateUtils.swift */,
				A0EE419C29882025004BFDF4 /* ColorUtils.swift */,
				A0EE419E2988274B004BFDF4 /* NavigationUtils.swift */,
				A08F09BC298EE3D200A935EE /* ShareUtils.swift */,
			);
			path = Utils;
			sourceTree = "<group>";
		};
		A0A41C832981B1B8000D3010 /* Extensions */ = {
			isa = PBXGroup;
			children = (
				A0E131A8298B77F400E5869C /* Other */,
			);
			path = Extensions;
			sourceTree = "<group>";
		};
		A0E131A8298B77F400E5869C /* Other */ = {
			isa = PBXGroup;
			children = (
				A0A41C772980A273000D3010 /* StringExtension.swift */,
				A017F4E729821C5800A04AF9 /* RMUIViewExtension.swift */,
			);
			path = Other;
			sourceTree = "<group>";
		};
		A0F8B9A22A1E648400A3FFD9 /* Helper */ = {
			isa = PBXGroup;
			children = (
				A0F8B9A32A1E64A300A3FFD9 /* DataSourceHelper.swift */,
			);
			path = Helper;
			sourceTree = "<group>";
		};
/* End PBXGroup section */

/* Begin PBXNativeTarget section */
		A0823A44297F1449003F5F2E /* RickAndMortyApp 2.0 */ = {
			isa = PBXNativeTarget;
			buildConfigurationList = A0823A59297F144B003F5F2E /* Build configuration list for PBXNativeTarget "RickAndMortyApp 2.0" */;
			buildPhases = (
				A0823A41297F1449003F5F2E /* Sources */,
				A0823A42297F1449003F5F2E /* Frameworks */,
				A0823A43297F1449003F5F2E /* Resources */,
			);
			buildRules = (
			);
			dependencies = (
			);
			name = "RickAndMortyApp 2.0";
			packageProductDependencies = (
				A060C74529F6ECE900D71E1D /* Alamofire */,
				A060C74829F6ED1A00D71E1D /* Kingfisher */,
			);
			productName = "RickAndMortyApp 2.0";
			productReference = A0823A45297F1449003F5F2E /* RickAndMortyApp 2.0.app */;
			productType = "com.apple.product-type.application";
		};
/* End PBXNativeTarget section */

/* Begin PBXProject section */
		A0823A3D297F1449003F5F2E /* Project object */ = {
			isa = PBXProject;
			attributes = {
				BuildIndependentTargetsInParallel = 1;
				LastSwiftUpdateCheck = 1420;
				LastUpgradeCheck = 1420;
				TargetAttributes = {
					A0823A44297F1449003F5F2E = {
						CreatedOnToolsVersion = 14.2;
					};
				};
			};
			buildConfigurationList = A0823A40297F1449003F5F2E /* Build configuration list for PBXProject "RickAndMortyApp 2.0" */;
			compatibilityVersion = "Xcode 14.0";
			developmentRegion = en;
			hasScannedForEncodings = 0;
			knownRegions = (
				en,
				Base,
			);
			mainGroup = A0823A3C297F1449003F5F2E;
			packageReferences = (
				A060C74429F6ECE900D71E1D /* XCRemoteSwiftPackageReference "Alamofire" */,
				A060C74729F6ED1A00D71E1D /* XCRemoteSwiftPackageReference "Kingfisher" */,
			);
			productRefGroup = A0823A46297F1449003F5F2E /* Products */;
			projectDirPath = "";
			projectRoot = "";
			targets = (
				A0823A44297F1449003F5F2E /* RickAndMortyApp 2.0 */,
			);
		};
/* End PBXProject section */

/* Begin PBXResourcesBuildPhase section */
		A0823A43297F1449003F5F2E /* Resources */ = {
			isa = PBXResourcesBuildPhase;
			buildActionMask = 2147483647;
			files = (
				A06D221D29833ADB009D258B /* RMEpisodeCollectionViewCell.xib in Resources */,
				A0B9C23E298AEBA2002BD4BE /* RMNoSearchResultsView.xib in Resources */,
				A0A41C892981BFC4000D3010 /* RMCharacterDetailImageCollectionViewCell.xib in Resources */,
				A0823A55297F144B003F5F2E /* LaunchScreen.storyboard in Resources */,
				A0823A52297F144B003F5F2E /* Assets.xcassets in Resources */,
				A017F4E62981D49000A04AF9 /* RMCharacterDetailInformationCollectionViewCell.xib in Resources */,
				A0823A50297F1449003F5F2E /* Main.storyboard in Resources */,
				A03F86B4298B076200C3DE0D /* RMSearchInputView.xib in Resources */,
				A0823A6B297F2961003F5F2E /* RMCharacterCollectionViewCell.xib in Resources */,
				A0E131B0298C3D2D00E5869C /* RMSearchLocationCollectionViewCell.xib in Resources */,
				A03F86B8298B094C00C3DE0D /* RMSearchView.xib in Resources */,
				A0B9C22B2989F4B3002BD4BE /* RMLocationTableViewCell.xib in Resources */,
				A0EE41B0298981FC004BFDF4 /* RMEpisodeInfoCollectionViewCell.xib in Resources */,
			);
			runOnlyForDeploymentPostprocessing = 0;
		};
/* End PBXResourcesBuildPhase section */

/* Begin PBXSourcesBuildPhase section */
		A0823A41297F1449003F5F2E /* Sources */ = {
			isa = PBXSourcesBuildPhase;
			buildActionMask = 2147483647;
			files = (
				A0B9C2192989CFAA002BD4BE /* RMLocationDataSource.swift in Sources */,
				A0B9C2172989C999002BD4BE /* RMLocationViewModel.swift in Sources */,
				A0EE418F29843B09004BFDF4 /* RMEpisodeDetailViewController.swift in Sources */,
				A04170BE29F6E374000AE307 /* RMSingleLocation.swift in Sources */,
				A04170A929F6E1EC000AE307 /* RMCharacterDetailInformationUIModel.swift in Sources */,
				A0EE419D29882025004BFDF4 /* ColorUtils.swift in Sources */,
				A0A0581A298B173E00F90695 /* RMSearchInputViewViewModel.swift in Sources */,
				A0B9C23A298AE145002BD4BE /* RMSearchViewModel.swift in Sources */,
				A0A41C7229805ECB000D3010 /* RMCharactersViewModel.swift in Sources */,
				A017F4EC2982EA1000A04AF9 /* RMEpisodesDataSourceImpl.swift in Sources */,
				A04170BA29F6E337000AE307 /* RMEpisode.swift in Sources */,
				A04170A629F6E1A7000AE307 /* RMSettingsOption.swift in Sources */,
				A04170B629F6E2FA000AE307 /* RMCharacterStatus.swift in Sources */,
				A04170C129F6E3B3000AE307 /* RMCharactersResponse.swift in Sources */,
				A0823A5E297F18DA003F5F2E /* RMSettingsHostingController.swift in Sources */,
				A017F4F02982F31A00A04AF9 /* RMEpisodesRepository.swift in Sources */,
				A08C44B4297F55E00018023B /* RMCharactersRepository.swift in Sources */,
				A0823A6A297F2961003F5F2E /* RMCharacterCollectionViewCell.swift in Sources */,
				A0823A64297F192B003F5F2E /* RMEpisodeViewController.swift in Sources */,
				A0EE41972985EBDE004BFDF4 /* RMEpisodeViewControllerExtension.swift in Sources */,
				A0F8B9A42A1E64A300A3FFD9 /* DataSourceHelper.swift in Sources */,
				A0823A62297F18FC003F5F2E /* RMCharacterViewController.swift in Sources */,
				A0B9C237298ADA24002BD4BE /* RMLocationDetailViewControllerExtension.swift in Sources */,
				A0B9C2262989F2C4002BD4BE /* RMLocationViewControllerExtension.swift in Sources */,
				A0A41C822981B1B2000D3010 /* RMCharacterCollectionViewExtensions.swift in Sources */,
				A08C44BC297F583D0018023B /* RMCharactersDataSourceImpl.swift in Sources */,
				A0EE41AF298981FC004BFDF4 /* RMEpisodeInfoCollectionViewCell.swift in Sources */,
				A0EE418C298429B1004BFDF4 /* DateUtils.swift in Sources */,
				A0EE41B229898A03004BFDF4 /* RMSettingsViewViewModel.swift in Sources */,
				A0A41C782980A273000D3010 /* StringExtension.swift in Sources */,
				A03F86B6298B093200C3DE0D /* RMSearchView.swift in Sources */,
				A04170B229F6E29C000AE307 /* RMOrigin.swift in Sources */,
				A0B9C21F2989DE28002BD4BE /* RMLocationRepository.swift in Sources */,
				A0A41C852981B6AD000D3010 /* RMCharacterDetailCollectionViewController.swift in Sources */,
				A08C44BE297F5AA30018023B /* RMApi.swift in Sources */,
				A017F4F22982F35C00A04AF9 /* RMEpisodesRepositoryImpl.swift in Sources */,
				A04170AF29F6E265000AE307 /* RMLocationInformationUIModel.swift in Sources */,
				A0EE41A1298830D0004BFDF4 /* RMSearchViewController.swift in Sources */,
				A0A41C802980C4F3000D3010 /* RMFooterLoadingCollectionReusableView.swift in Sources */,
				A04170B829F6E316000AE307 /* RMLocation.swift in Sources */,
				A08F09BF29916EBC00A935EE /* RMPickerViewViewModel.swift in Sources */,
				A04170BC29F6E353000AE307 /* RMCharacterGender.swift in Sources */,
				A0E131AF298C3D2D00E5869C /* RMSearchLocationCollectionViewCell.swift in Sources */,
				A0EE41B729898EC3004BFDF4 /* RMSettingsView.swift in Sources */,
				A0A41C6F29805AF0000D3010 /* RMEndpoint.swift in Sources */,
				A0B9C22A2989F4B3002BD4BE /* RMLocationTableViewCell.swift in Sources */,
				A0823A60297F18EC003F5F2E /* RMLocationViewController.swift in Sources */,
				A08C44BA297F57D00018023B /* RMCharactersDataSource.swift in Sources */,
				A017F4DD2981C86E00A04AF9 /* RMCharacterDetailViewViewModel.swift in Sources */,
				A0EE419329844D22004BFDF4 /* RMEpisodesViewModel.swift in Sources */,
				A0B9C22E298ACDE6002BD4BE /* RMLocationDetailViewController.swift in Sources */,
				A08F09BD298EE3D200A935EE /* ShareUtils.swift in Sources */,
				A0823A49297F1449003F5F2E /* AppDelegate.swift in Sources */,
				A0EE41A329883553004BFDF4 /* RMEpisodeDetailViewModel.swift in Sources */,
				A048DDEC298DBBF00070B282 /* RMPickerViewController.swift in Sources */,
				A017F4EA2982E95F00A04AF9 /* RMEpisodesDataSource.swift in Sources */,
				A0EE419A2985EE30004BFDF4 /* RMEpisodeExtension.swift in Sources */,
				A04170B429F6E2BA000AE307 /* RMCharacter.swift in Sources */,
				A04170C329F6E3CE000AE307 /* RMEpisodesResponse.swift in Sources */,
				A06D221C29833ADB009D258B /* RMEpisodeCollectionViewCell.swift in Sources */,
				A017F4E829821C5800A04AF9 /* RMUIViewExtension.swift in Sources */,
				A04170C529F6E3E8000AE307 /* RMLocationsResponse.swift in Sources */,
				A017F4E52981D49000A04AF9 /* RMCharacterDetailInformationCollectionViewCell.swift in Sources */,
				A0EE419F2988274B004BFDF4 /* NavigationUtils.swift in Sources */,
				A0E131AC298C19E000E5869C /* RMSearchViewExtension.swift in Sources */,
				A0B9C23C298AEB58002BD4BE /* RMNoSearchResultsView.swift in Sources */,
				A0B9C21D2989DACC002BD4BE /* RMLocationDataSourceImpl.swift in Sources */,
				A04170AB29F6E218000AE307 /* RMCharacterDetailsEpisodeUIModel.swift in Sources */,
				A08C44B7297F568B0018023B /* RMCharactersRepositoryImpl.swift in Sources */,
				A03F86B2298B074B00C3DE0D /* RMSearchInputView.swift in Sources */,
				A0A41C882981BFC4000D3010 /* RMCharacterDetailImageCollectionViewCell.swift in Sources */,
				A04170AD29F6E246000AE307 /* RMEpisodeInformationUIModel.swift in Sources */,
				A0EE41A92988846B004BFDF4 /* RMEpisodeDetailViewControllerExtension.swift in Sources */,
				A0823A4B297F1449003F5F2E /* SceneDelegate.swift in Sources */,
				A0B9C231298AD611002BD4BE /* RMLocationDetailViewModel.swift in Sources */,
				A0B9C2212989DE78002BD4BE /* RMLocationRepositoryImpl.swift in Sources */,
				A04170C829F6E411000AE307 /* RMViewStates.swift in Sources */,
			);
			runOnlyForDeploymentPostprocessing = 0;
		};
/* End PBXSourcesBuildPhase section */

/* Begin PBXVariantGroup section */
		A0823A4E297F1449003F5F2E /* Main.storyboard */ = {
			isa = PBXVariantGroup;
			children = (
				A0823A4F297F1449003F5F2E /* Base */,
			);
			name = Main.storyboard;
			sourceTree = "<group>";
		};
		A0823A53297F144B003F5F2E /* LaunchScreen.storyboard */ = {
			isa = PBXVariantGroup;
			children = (
				A0823A54297F144B003F5F2E /* Base */,
			);
			name = LaunchScreen.storyboard;
			sourceTree = "<group>";
		};
/* End PBXVariantGroup section */

/* Begin XCBuildConfiguration section */
		A0823A57297F144B003F5F2E /* Debug */ = {
			isa = XCBuildConfiguration;
			buildSettings = {
				ALWAYS_SEARCH_USER_PATHS = NO;
				CLANG_ANALYZER_NONNULL = YES;
				CLANG_ANALYZER_NUMBER_OBJECT_CONVERSION = YES_AGGRESSIVE;
				CLANG_CXX_LANGUAGE_STANDARD = "gnu++20";
				CLANG_ENABLE_MODULES = YES;
				CLANG_ENABLE_OBJC_ARC = YES;
				CLANG_ENABLE_OBJC_WEAK = YES;
				CLANG_WARN_BLOCK_CAPTURE_AUTORELEASING = YES;
				CLANG_WARN_BOOL_CONVERSION = YES;
				CLANG_WARN_COMMA = YES;
				CLANG_WARN_CONSTANT_CONVERSION = YES;
				CLANG_WARN_DEPRECATED_OBJC_IMPLEMENTATIONS = YES;
				CLANG_WARN_DIRECT_OBJC_ISA_USAGE = YES_ERROR;
				CLANG_WARN_DOCUMENTATION_COMMENTS = YES;
				CLANG_WARN_EMPTY_BODY = YES;
				CLANG_WARN_ENUM_CONVERSION = YES;
				CLANG_WARN_INFINITE_RECURSION = YES;
				CLANG_WARN_INT_CONVERSION = YES;
				CLANG_WARN_NON_LITERAL_NULL_CONVERSION = YES;
				CLANG_WARN_OBJC_IMPLICIT_RETAIN_SELF = YES;
				CLANG_WARN_OBJC_LITERAL_CONVERSION = YES;
				CLANG_WARN_OBJC_ROOT_CLASS = YES_ERROR;
				CLANG_WARN_QUOTED_INCLUDE_IN_FRAMEWORK_HEADER = YES;
				CLANG_WARN_RANGE_LOOP_ANALYSIS = YES;
				CLANG_WARN_STRICT_PROTOTYPES = YES;
				CLANG_WARN_SUSPICIOUS_MOVE = YES;
				CLANG_WARN_UNGUARDED_AVAILABILITY = YES_AGGRESSIVE;
				CLANG_WARN_UNREACHABLE_CODE = YES;
				CLANG_WARN__DUPLICATE_METHOD_MATCH = YES;
				COPY_PHASE_STRIP = NO;
				DEBUG_INFORMATION_FORMAT = dwarf;
				ENABLE_STRICT_OBJC_MSGSEND = YES;
				ENABLE_TESTABILITY = YES;
				GCC_C_LANGUAGE_STANDARD = gnu11;
				GCC_DYNAMIC_NO_PIC = NO;
				GCC_NO_COMMON_BLOCKS = YES;
				GCC_OPTIMIZATION_LEVEL = 0;
				GCC_PREPROCESSOR_DEFINITIONS = (
					"DEBUG=1",
					"$(inherited)",
				);
				GCC_WARN_64_TO_32_BIT_CONVERSION = YES;
				GCC_WARN_ABOUT_RETURN_TYPE = YES_ERROR;
				GCC_WARN_UNDECLARED_SELECTOR = YES;
				GCC_WARN_UNINITIALIZED_AUTOS = YES_AGGRESSIVE;
				GCC_WARN_UNUSED_FUNCTION = YES;
				GCC_WARN_UNUSED_VARIABLE = YES;
				IPHONEOS_DEPLOYMENT_TARGET = 16.2;
				MTL_ENABLE_DEBUG_INFO = INCLUDE_SOURCE;
				MTL_FAST_MATH = YES;
				ONLY_ACTIVE_ARCH = YES;
				SDKROOT = iphoneos;
				SWIFT_ACTIVE_COMPILATION_CONDITIONS = DEBUG;
				SWIFT_OPTIMIZATION_LEVEL = "-Onone";
			};
			name = Debug;
		};
		A0823A58297F144B003F5F2E /* Release */ = {
			isa = XCBuildConfiguration;
			buildSettings = {
				ALWAYS_SEARCH_USER_PATHS = NO;
				CLANG_ANALYZER_NONNULL = YES;
				CLANG_ANALYZER_NUMBER_OBJECT_CONVERSION = YES_AGGRESSIVE;
				CLANG_CXX_LANGUAGE_STANDARD = "gnu++20";
				CLANG_ENABLE_MODULES = YES;
				CLANG_ENABLE_OBJC_ARC = YES;
				CLANG_ENABLE_OBJC_WEAK = YES;
				CLANG_WARN_BLOCK_CAPTURE_AUTORELEASING = YES;
				CLANG_WARN_BOOL_CONVERSION = YES;
				CLANG_WARN_COMMA = YES;
				CLANG_WARN_CONSTANT_CONVERSION = YES;
				CLANG_WARN_DEPRECATED_OBJC_IMPLEMENTATIONS = YES;
				CLANG_WARN_DIRECT_OBJC_ISA_USAGE = YES_ERROR;
				CLANG_WARN_DOCUMENTATION_COMMENTS = YES;
				CLANG_WARN_EMPTY_BODY = YES;
				CLANG_WARN_ENUM_CONVERSION = YES;
				CLANG_WARN_INFINITE_RECURSION = YES;
				CLANG_WARN_INT_CONVERSION = YES;
				CLANG_WARN_NON_LITERAL_NULL_CONVERSION = YES;
				CLANG_WARN_OBJC_IMPLICIT_RETAIN_SELF = YES;
				CLANG_WARN_OBJC_LITERAL_CONVERSION = YES;
				CLANG_WARN_OBJC_ROOT_CLASS = YES_ERROR;
				CLANG_WARN_QUOTED_INCLUDE_IN_FRAMEWORK_HEADER = YES;
				CLANG_WARN_RANGE_LOOP_ANALYSIS = YES;
				CLANG_WARN_STRICT_PROTOTYPES = YES;
				CLANG_WARN_SUSPICIOUS_MOVE = YES;
				CLANG_WARN_UNGUARDED_AVAILABILITY = YES_AGGRESSIVE;
				CLANG_WARN_UNREACHABLE_CODE = YES;
				CLANG_WARN__DUPLICATE_METHOD_MATCH = YES;
				COPY_PHASE_STRIP = NO;
				DEBUG_INFORMATION_FORMAT = "dwarf-with-dsym";
				ENABLE_NS_ASSERTIONS = NO;
				ENABLE_STRICT_OBJC_MSGSEND = YES;
				GCC_C_LANGUAGE_STANDARD = gnu11;
				GCC_NO_COMMON_BLOCKS = YES;
				GCC_WARN_64_TO_32_BIT_CONVERSION = YES;
				GCC_WARN_ABOUT_RETURN_TYPE = YES_ERROR;
				GCC_WARN_UNDECLARED_SELECTOR = YES;
				GCC_WARN_UNINITIALIZED_AUTOS = YES_AGGRESSIVE;
				GCC_WARN_UNUSED_FUNCTION = YES;
				GCC_WARN_UNUSED_VARIABLE = YES;
				IPHONEOS_DEPLOYMENT_TARGET = 16.2;
				MTL_ENABLE_DEBUG_INFO = NO;
				MTL_FAST_MATH = YES;
				SDKROOT = iphoneos;
				SWIFT_COMPILATION_MODE = wholemodule;
				SWIFT_OPTIMIZATION_LEVEL = "-O";
				VALIDATE_PRODUCT = YES;
			};
			name = Release;
		};
		A0823A5A297F144B003F5F2E /* Debug */ = {
			isa = XCBuildConfiguration;
			buildSettings = {
				ASSETCATALOG_COMPILER_APPICON_NAME = AppIcon;
				ASSETCATALOG_COMPILER_GLOBAL_ACCENT_COLOR_NAME = AccentColor;
				CODE_SIGN_STYLE = Automatic;
				CURRENT_PROJECT_VERSION = 1;
				DEVELOPMENT_TEAM = 2RX53DMPLV;
				GENERATE_INFOPLIST_FILE = YES;
				INFOPLIST_FILE = "RickAndMortyApp 2.0/Info.plist";
				INFOPLIST_KEY_CFBundleDisplayName = "Rick & Morty";
				INFOPLIST_KEY_LSApplicationCategoryType = "public.app-category.entertainment";
				INFOPLIST_KEY_UIApplicationSupportsIndirectInputEvents = YES;
				INFOPLIST_KEY_UILaunchStoryboardName = LaunchScreen;
				INFOPLIST_KEY_UIMainStoryboardFile = Main;
				INFOPLIST_KEY_UISupportedInterfaceOrientations_iPad = "UIInterfaceOrientationPortrait UIInterfaceOrientationPortraitUpsideDown UIInterfaceOrientationLandscapeLeft UIInterfaceOrientationLandscapeRight";
				INFOPLIST_KEY_UISupportedInterfaceOrientations_iPhone = "UIInterfaceOrientationPortrait UIInterfaceOrientationLandscapeLeft UIInterfaceOrientationLandscapeRight";
				LD_RUNPATH_SEARCH_PATHS = (
					"$(inherited)",
					"@executable_path/Frameworks",
				);
				MARKETING_VERSION = 1.0;
				PRODUCT_BUNDLE_IDENTIFIER = "SamMengistu.RickAndMortyApp-2-0";
				PRODUCT_NAME = "$(TARGET_NAME)";
				SWIFT_EMIT_LOC_STRINGS = YES;
				SWIFT_VERSION = 5.0;
				TARGETED_DEVICE_FAMILY = "1,2";
			};
			name = Debug;
		};
		A0823A5B297F144B003F5F2E /* Release */ = {
			isa = XCBuildConfiguration;
			buildSettings = {
				ASSETCATALOG_COMPILER_APPICON_NAME = AppIcon;
				ASSETCATALOG_COMPILER_GLOBAL_ACCENT_COLOR_NAME = AccentColor;
				CODE_SIGN_STYLE = Automatic;
				CURRENT_PROJECT_VERSION = 1;
				DEVELOPMENT_TEAM = 2RX53DMPLV;
				GENERATE_INFOPLIST_FILE = YES;
				INFOPLIST_FILE = "RickAndMortyApp 2.0/Info.plist";
				INFOPLIST_KEY_CFBundleDisplayName = "Rick & Morty";
				INFOPLIST_KEY_LSApplicationCategoryType = "public.app-category.entertainment";
				INFOPLIST_KEY_UIApplicationSupportsIndirectInputEvents = YES;
				INFOPLIST_KEY_UILaunchStoryboardName = LaunchScreen;
				INFOPLIST_KEY_UIMainStoryboardFile = Main;
				INFOPLIST_KEY_UISupportedInterfaceOrientations_iPad = "UIInterfaceOrientationPortrait UIInterfaceOrientationPortraitUpsideDown UIInterfaceOrientationLandscapeLeft UIInterfaceOrientationLandscapeRight";
				INFOPLIST_KEY_UISupportedInterfaceOrientations_iPhone = "UIInterfaceOrientationPortrait UIInterfaceOrientationLandscapeLeft UIInterfaceOrientationLandscapeRight";
				LD_RUNPATH_SEARCH_PATHS = (
					"$(inherited)",
					"@executable_path/Frameworks",
				);
				MARKETING_VERSION = 1.0;
				PRODUCT_BUNDLE_IDENTIFIER = "SamMengistu.RickAndMortyApp-2-0";
				PRODUCT_NAME = "$(TARGET_NAME)";
				SWIFT_EMIT_LOC_STRINGS = YES;
				SWIFT_VERSION = 5.0;
				TARGETED_DEVICE_FAMILY = "1,2";
			};
			name = Release;
		};
/* End XCBuildConfiguration section */

/* Begin XCConfigurationList section */
		A0823A40297F1449003F5F2E /* Build configuration list for PBXProject "RickAndMortyApp 2.0" */ = {
			isa = XCConfigurationList;
			buildConfigurations = (
				A0823A57297F144B003F5F2E /* Debug */,
				A0823A58297F144B003F5F2E /* Release */,
			);
			defaultConfigurationIsVisible = 0;
			defaultConfigurationName = Release;
		};
		A0823A59297F144B003F5F2E /* Build configuration list for PBXNativeTarget "RickAndMortyApp 2.0" */ = {
			isa = XCConfigurationList;
			buildConfigurations = (
				A0823A5A297F144B003F5F2E /* Debug */,
				A0823A5B297F144B003F5F2E /* Release */,
			);
			defaultConfigurationIsVisible = 0;
			defaultConfigurationName = Release;
		};
/* End XCConfigurationList section */

/* Begin XCRemoteSwiftPackageReference section */
		A060C74429F6ECE900D71E1D /* XCRemoteSwiftPackageReference "Alamofire" */ = {
			isa = XCRemoteSwiftPackageReference;
			repositoryURL = "https://github.com/Alamofire/Alamofire";
			requirement = {
				kind = upToNextMajorVersion;
				minimumVersion = 5.0.0;
			};
		};
		A060C74729F6ED1A00D71E1D /* XCRemoteSwiftPackageReference "Kingfisher" */ = {
			isa = XCRemoteSwiftPackageReference;
			repositoryURL = "https://github.com/onevcat/Kingfisher";
			requirement = {
				kind = upToNextMajorVersion;
				minimumVersion = 7.0.0;
			};
		};
/* End XCRemoteSwiftPackageReference section */

/* Begin XCSwiftPackageProductDependency section */
		A060C74529F6ECE900D71E1D /* Alamofire */ = {
			isa = XCSwiftPackageProductDependency;
			package = A060C74429F6ECE900D71E1D /* XCRemoteSwiftPackageReference "Alamofire" */;
			productName = Alamofire;
		};
		A060C74829F6ED1A00D71E1D /* Kingfisher */ = {
			isa = XCSwiftPackageProductDependency;
			package = A060C74729F6ED1A00D71E1D /* XCRemoteSwiftPackageReference "Kingfisher" */;
			productName = Kingfisher;
		};
/* End XCSwiftPackageProductDependency section */
	};
	rootObject = A0823A3D297F1449003F5F2E /* Project object */;
}
